
Microsoft Visual Studio Solution File, Format Version 12.00
# Visual Studio Version 16
VisualStudioVersion = 16.0.31729.503
MinimumVisualStudioVersion = 10.0.40219.1
Project("{FAE04EC0-301F-11D3-BF4B-00C04F79EFBC}") = "LinkGroup.DemoTest", "LinkGroup.DemoTest.csproj", "{5904832E-FAE1-4B7C-8B67-B6CAD1135B02}"
EndProject
Global
	GlobalSection(SolutionConfigurationPlatforms) = preSolution
		Debug|Any CPU = Debug|Any CPU
		Release|Any CPU = Release|Any CPU
	EndGlobalSection
	GlobalSection(ProjectConfigurationPlatforms) = postSolution
		{5904832E-FAE1-4B7C-8B67-B6CAD1135B02}.Debug|Any CPU.ActiveCfg = Debug|Any CPU
		{5904832E-FAE1-4B7C-8B67-B6CAD1135B02}.Debug|Any CPU.Build.0 = Debug|Any CPU
		{5904832E-FAE1-4B7C-8B67-B6CAD1135B02}.Release|Any CPU.ActiveCfg = Release|Any CPU
		{5904832E-FAE1-4B7C-8B67-B6CAD1135B02}.Release|Any CPU.Build.0 = Release|Any CPU
	EndGlobalSection
	GlobalSection(SolutionProperties) = preSolution
		HideSolutionNode = FALSE
	EndGlobalSection
	GlobalSection(ExtensibilityGlobals) = postSolution
		SolutionGuid = {53DEE1E5-07F9-49A0-AF4D-311D651C1231}
	EndGlobalSection
EndGlobal
